
Microsoft Visual Studio Solution File, Format Version 12.00
# Visual Studio Version 16
VisualStudioVersion = 16.0.31019.35
MinimumVisualStudioVersion = 10.0.40219.1
Project("{2150E333-8FDC-42A3-9474-1A3956D46DE8}") = "Presentation", "Presentation", "{B84EA949-FCF5-45D2-A48C-F062B15E768F}"
EndProject
Project("{2150E333-8FDC-42A3-9474-1A3956D46DE8}") = "BusinessRules", "BusinessRules", "{FCEFF7E2-05D5-4A07-8B18-1255CA29C722}"
EndProject
Project("{2150E333-8FDC-42A3-9474-1A3956D46DE8}") = "Domain", "Domain", "{BB5ABB8F-11E8-4D44-BFFD-5A52D0482D89}"
EndProject
Project("{2150E333-8FDC-42A3-9474-1A3956D46DE8}") = "Infrastructure", "Infrastructure", "{8BFC8805-AADA-4BC5-83DA-25CE35322E5F}"
EndProject
Project("{2150E333-8FDC-42A3-9474-1A3956D46DE8}") = "UnitTests", "UnitTests", "{7BF20973-23FB-459E-8DF1-DC7C498565C1}"
EndProject
Project("{9A19103F-16F7-4668-BE54-9A1E7A4F7556}") = "AppFunction", "AppFunction\AppFunction.csproj", "{D19DFF2D-D5E4-4468-91D6-2671516C8ADE}"
EndProject
Project("{2150E333-8FDC-42A3-9474-1A3956D46DE8}") = "Utilities", "Utilities", "{32B4A0CF-1417-4A53-8E1B-81EB5164DD7C}"
EndProject
Project("{9A19103F-16F7-4668-BE54-9A1E7A4F7556}") = "Common", "Common\Common.csproj", "{51004EF0-B257-4493-B55A-016117A826F5}"
EndProject
Project("{9A19103F-16F7-4668-BE54-9A1E7A4F7556}") = "DataAccess", "DataAccess\DataAccess.csproj", "{0E83A669-D4AF-4606-BDCA-9749AC13AC39}"
EndProject
Project("{9A19103F-16F7-4668-BE54-9A1E7A4F7556}") = "ServiceBus", "ServiceBus\ServiceBus.csproj", "{87A52D89-E668-4FA5-B105-30DCDBE9D78A}"
EndProject
Project("{FAE04EC0-301F-11D3-BF4B-00C04F79EFBC}") = "Entities", "Entities\Entities.csproj", "{9A52FA6F-084D-4974-8A5C-D20DBC460E24}"
EndProject
Project("{FAE04EC0-301F-11D3-BF4B-00C04F79EFBC}") = "BusinessLogic", "BusinessLogic\BusinessLogic.csproj", "{29C4EC5E-E6C6-4FBF-8BD8-6D54F7491AF4}"
EndProject
Project("{FAE04EC0-301F-11D3-BF4B-00C04F79EFBC}") = "Test", "Test\Test.csproj", "{508FB8AE-DCEA-42D1-B30D-B1EA332C8D93}"
EndProject
Global
	GlobalSection(SolutionConfigurationPlatforms) = preSolution
		Debug|Any CPU = Debug|Any CPU
		Release|Any CPU = Release|Any CPU
	EndGlobalSection
	GlobalSection(ProjectConfigurationPlatforms) = postSolution
		{D19DFF2D-D5E4-4468-91D6-2671516C8ADE}.Debug|Any CPU.ActiveCfg = Debug|Any CPU
		{D19DFF2D-D5E4-4468-91D6-2671516C8ADE}.Debug|Any CPU.Build.0 = Debug|Any CPU
		{D19DFF2D-D5E4-4468-91D6-2671516C8ADE}.Release|Any CPU.ActiveCfg = Release|Any CPU
		{D19DFF2D-D5E4-4468-91D6-2671516C8ADE}.Release|Any CPU.Build.0 = Release|Any CPU
		{51004EF0-B257-4493-B55A-016117A826F5}.Debug|Any CPU.ActiveCfg = Debug|Any CPU
		{51004EF0-B257-4493-B55A-016117A826F5}.Debug|Any CPU.Build.0 = Debug|Any CPU
		{51004EF0-B257-4493-B55A-016117A826F5}.Release|Any CPU.ActiveCfg = Release|Any CPU
		{51004EF0-B257-4493-B55A-016117A826F5}.Release|Any CPU.Build.0 = Release|Any CPU
		{0E83A669-D4AF-4606-BDCA-9749AC13AC39}.Debug|Any CPU.ActiveCfg = Debug|Any CPU
		{0E83A669-D4AF-4606-BDCA-9749AC13AC39}.Debug|Any CPU.Build.0 = Debug|Any CPU
		{0E83A669-D4AF-4606-BDCA-9749AC13AC39}.Release|Any CPU.ActiveCfg = Release|Any CPU
		{0E83A669-D4AF-4606-BDCA-9749AC13AC39}.Release|Any CPU.Build.0 = Release|Any CPU
		{87A52D89-E668-4FA5-B105-30DCDBE9D78A}.Debug|Any CPU.ActiveCfg = Debug|Any CPU
		{87A52D89-E668-4FA5-B105-30DCDBE9D78A}.Debug|Any CPU.Build.0 = Debug|Any CPU
		{87A52D89-E668-4FA5-B105-30DCDBE9D78A}.Release|Any CPU.ActiveCfg = Release|Any CPU
		{87A52D89-E668-4FA5-B105-30DCDBE9D78A}.Release|Any CPU.Build.0 = Release|Any CPU
		{9A52FA6F-084D-4974-8A5C-D20DBC460E24}.Debug|Any CPU.ActiveCfg = Debug|Any CPU
		{9A52FA6F-084D-4974-8A5C-D20DBC460E24}.Debug|Any CPU.Build.0 = Debug|Any CPU
		{9A52FA6F-084D-4974-8A5C-D20DBC460E24}.Release|Any CPU.ActiveCfg = Release|Any CPU
		{9A52FA6F-084D-4974-8A5C-D20DBC460E24}.Release|Any CPU.Build.0 = Release|Any CPU
		{29C4EC5E-E6C6-4FBF-8BD8-6D54F7491AF4}.Debug|Any CPU.ActiveCfg = Debug|Any CPU
		{29C4EC5E-E6C6-4FBF-8BD8-6D54F7491AF4}.Debug|Any CPU.Build.0 = Debug|Any CPU
		{29C4EC5E-E6C6-4FBF-8BD8-6D54F7491AF4}.Release|Any CPU.ActiveCfg = Release|Any CPU
		{29C4EC5E-E6C6-4FBF-8BD8-6D54F7491AF4}.Release|Any CPU.Build.0 = Release|Any CPU
		{508FB8AE-DCEA-42D1-B30D-B1EA332C8D93}.Debug|Any CPU.ActiveCfg = Debug|Any CPU
		{508FB8AE-DCEA-42D1-B30D-B1EA332C8D93}.Debug|Any CPU.Build.0 = Debug|Any CPU
		{508FB8AE-DCEA-42D1-B30D-B1EA332C8D93}.Release|Any CPU.ActiveCfg = Release|Any CPU
		{508FB8AE-DCEA-42D1-B30D-B1EA332C8D93}.Release|Any CPU.Build.0 = Release|Any CPU
	EndGlobalSection
	GlobalSection(SolutionProperties) = preSolution
		HideSolutionNode = FALSE
	EndGlobalSection
	GlobalSection(NestedProjects) = preSolution
		{D19DFF2D-D5E4-4468-91D6-2671516C8ADE} = {B84EA949-FCF5-45D2-A48C-F062B15E768F}
		{51004EF0-B257-4493-B55A-016117A826F5} = {32B4A0CF-1417-4A53-8E1B-81EB5164DD7C}
		{0E83A669-D4AF-4606-BDCA-9749AC13AC39} = {8BFC8805-AADA-4BC5-83DA-25CE35322E5F}
		{87A52D89-E668-4FA5-B105-30DCDBE9D78A} = {8BFC8805-AADA-4BC5-83DA-25CE35322E5F}
		{9A52FA6F-084D-4974-8A5C-D20DBC460E24} = {BB5ABB8F-11E8-4D44-BFFD-5A52D0482D89}
		{29C4EC5E-E6C6-4FBF-8BD8-6D54F7491AF4} = {FCEFF7E2-05D5-4A07-8B18-1255CA29C722}
		{508FB8AE-DCEA-42D1-B30D-B1EA332C8D93} = {7BF20973-23FB-459E-8DF1-DC7C498565C1}
	EndGlobalSection
	GlobalSection(ExtensibilityGlobals) = postSolution
		SolutionGuid = {19D7324A-A6E0-4D94-AB43-2C8B0F67C1E5}
	EndGlobalSection
EndGlobal
